
Microsoft Visual Studio Solution File, Format Version 12.00
# Visual Studio 2013
VisualStudioVersion = 12.0.31101.0
MinimumVisualStudioVersion = 10.0.40219.1
Project("{2150E333-8FDC-42A3-9474-1A3956D46DE8}") = "Test", "Test", "{E9727B76-9FF8-4AF5-97B0-43A81B1A34CA}"
EndProject
Project("{FAE04EC0-301F-11D3-BF4B-00C04F79EFBC}") = "Reto.Models", "Reto.Models\Reto.Models.csproj", "{F5AADC78-EAE1-4ECE-A858-2C04CD54F59F}"
EndProject
Project("{FAE04EC0-301F-11D3-BF4B-00C04F79EFBC}") = "Reto.Class", "Reto.Class\Reto.Class.csproj", "{0D01B461-994F-4BC1-B694-89B6764B775B}"
EndProject
Project("{FAE04EC0-301F-11D3-BF4B-00C04F79EFBC}") = "Reto.Helper", "Reto.Helper\Reto.Helper.csproj", "{36EEDCE1-A4DC-45FF-A727-91FE92F219DE}"
EndProject
Project("{FAE04EC0-301F-11D3-BF4B-00C04F79EFBC}") = "Reto.Backend", "Reto.Backend\Reto.Backend.csproj", "{9E9B7DA7-986F-4335-BF66-A6329A773EF0}"
EndProject
Project("{2150E333-8FDC-42A3-9474-1A3956D46DE8}") = "WebSite", "WebSite", "{7E00EF5A-0121-47B9-A569-F894E2610346}"
EndProject
Global
	GlobalSection(SolutionConfigurationPlatforms) = preSolution
		Debug|Any CPU = Debug|Any CPU
		Release|Any CPU = Release|Any CPU
	EndGlobalSection
	GlobalSection(ProjectConfigurationPlatforms) = postSolution
		{F5AADC78-EAE1-4ECE-A858-2C04CD54F59F}.Debug|Any CPU.ActiveCfg = Debug|Any CPU
		{F5AADC78-EAE1-4ECE-A858-2C04CD54F59F}.Debug|Any CPU.Build.0 = Debug|Any CPU
		{F5AADC78-EAE1-4ECE-A858-2C04CD54F59F}.Release|Any CPU.ActiveCfg = Release|Any CPU
		{F5AADC78-EAE1-4ECE-A858-2C04CD54F59F}.Release|Any CPU.Build.0 = Release|Any CPU
		{0D01B461-994F-4BC1-B694-89B6764B775B}.Debug|Any CPU.ActiveCfg = Debug|Any CPU
		{0D01B461-994F-4BC1-B694-89B6764B775B}.Debug|Any CPU.Build.0 = Debug|Any CPU
		{0D01B461-994F-4BC1-B694-89B6764B775B}.Release|Any CPU.ActiveCfg = Release|Any CPU
		{0D01B461-994F-4BC1-B694-89B6764B775B}.Release|Any CPU.Build.0 = Release|Any CPU
		{36EEDCE1-A4DC-45FF-A727-91FE92F219DE}.Debug|Any CPU.ActiveCfg = Debug|Any CPU
		{36EEDCE1-A4DC-45FF-A727-91FE92F219DE}.Debug|Any CPU.Build.0 = Debug|Any CPU
		{36EEDCE1-A4DC-45FF-A727-91FE92F219DE}.Release|Any CPU.ActiveCfg = Release|Any CPU
		{36EEDCE1-A4DC-45FF-A727-91FE92F219DE}.Release|Any CPU.Build.0 = Release|Any CPU
		{9E9B7DA7-986F-4335-BF66-A6329A773EF0}.Debug|Any CPU.ActiveCfg = Debug|Any CPU
		{9E9B7DA7-986F-4335-BF66-A6329A773EF0}.Debug|Any CPU.Build.0 = Debug|Any CPU
		{9E9B7DA7-986F-4335-BF66-A6329A773EF0}.Release|Any CPU.ActiveCfg = Release|Any CPU
		{9E9B7DA7-986F-4335-BF66-A6329A773EF0}.Release|Any CPU.Build.0 = Release|Any CPU
	EndGlobalSection
	GlobalSection(SolutionProperties) = preSolution
		HideSolutionNode = FALSE
	EndGlobalSection
	GlobalSection(NestedProjects) = preSolution
		{9E9B7DA7-986F-4335-BF66-A6329A773EF0} = {7E00EF5A-0121-47B9-A569-F894E2610346}
	EndGlobalSection
EndGlobal
